
Microsoft Visual Studio Solution File, Format Version 12.00
# Visual Studio 2012
Project("{FAE04EC0-301F-11D3-BF4B-00C04F79EFBC}") = "Malin", "Malin\Malin.csproj", "{76037661-4844-4DEC-AD43-2B9A39BE5210}"
EndProject
Project("{FAE04EC0-301F-11D3-BF4B-00C04F79EFBC}") = "Malin.Tests", "Malin.Tests\Malin.Tests.csproj", "{2F45D7A9-E31D-43BF-884A-E8291E3454DB}"
EndProject
Global
	GlobalSection(SolutionConfigurationPlatforms) = preSolution
		Debug|Any CPU = Debug|Any CPU
		Release|Any CPU = Release|Any CPU
	EndGlobalSection
	GlobalSection(ProjectConfigurationPlatforms) = postSolution
		{76037661-4844-4DEC-AD43-2B9A39BE5210}.Debug|Any CPU.ActiveCfg = Debug|Any CPU
		{76037661-4844-4DEC-AD43-2B9A39BE5210}.Debug|Any CPU.Build.0 = Debug|Any CPU
		{76037661-4844-4DEC-AD43-2B9A39BE5210}.Release|Any CPU.ActiveCfg = Release|Any CPU
		{76037661-4844-4DEC-AD43-2B9A39BE5210}.Release|Any CPU.Build.0 = Release|Any CPU
		{2F45D7A9-E31D-43BF-884A-E8291E3454DB}.Debug|Any CPU.ActiveCfg = Debug|Any CPU
		{2F45D7A9-E31D-43BF-884A-E8291E3454DB}.Debug|Any CPU.Build.0 = Debug|Any CPU
		{2F45D7A9-E31D-43BF-884A-E8291E3454DB}.Release|Any CPU.ActiveCfg = Release|Any CPU
		{2F45D7A9-E31D-43BF-884A-E8291E3454DB}.Release|Any CPU.Build.0 = Release|Any CPU
	EndGlobalSection
	GlobalSection(SolutionProperties) = preSolution
		HideSolutionNode = FALSE
	EndGlobalSection
EndGlobal
